{
  "requires": true,
  "lockfileVersion": 1,
  "dependencies": {
    "@types/node": {
      "version": "8.5.5",
      "resolved": "https://registry.npmjs.org/@types/node/-/node-8.5.5.tgz",
      "integrity": "sha512-JRnfoh0Ll4ElmIXKxbUfcOodkGvcNHljct6mO1X9hE/mlrMzAx0hYCLAD7sgT53YAY1HdlpzUcV0CkmDqUqTuA=="
    },
    "file-saver": {
      "version": "1.3.3",
      "resolved": "https://registry.npmjs.org/file-saver/-/file-saver-1.3.3.tgz",
      "integrity": "sha1-zdTETTqiZOrC9o7BZbx5HDSvEjI="
    }
  }
}
